
Microsoft Visual Studio Solution File, Format Version 12.00
# Visual Studio 15
VisualStudioVersion = 15.0.28307.960
MinimumVisualStudioVersion = 10.0.40219.1
Project("{FAE04EC0-301F-11D3-BF4B-00C04F79EFBC}") = "WithLove2020", "WithLove2020\WithLove2020.csproj", "{00948E75-F6DB-4E0F-B7C5-4F619AB0481C}"
EndProject
Global
	GlobalSection(SolutionConfigurationPlatforms) = preSolution
		Debug|Any CPU = Debug|Any CPU
		Release|Any CPU = Release|Any CPU
	EndGlobalSection
	GlobalSection(ProjectConfigurationPlatforms) = postSolution
		{00948E75-F6DB-4E0F-B7C5-4F619AB0481C}.Debug|Any CPU.ActiveCfg = Debug|Any CPU
		{00948E75-F6DB-4E0F-B7C5-4F619AB0481C}.Debug|Any CPU.Build.0 = Debug|Any CPU
		{00948E75-F6DB-4E0F-B7C5-4F619AB0481C}.Release|Any CPU.ActiveCfg = Release|Any CPU
		{00948E75-F6DB-4E0F-B7C5-4F619AB0481C}.Release|Any CPU.Build.0 = Release|Any CPU
	EndGlobalSection
	GlobalSection(SolutionProperties) = preSolution
		HideSolutionNode = FALSE
	EndGlobalSection
	GlobalSection(ExtensibilityGlobals) = postSolution
		SolutionGuid = {54E4656F-0534-40DF-8A40-0EA48C71B8B6}
	EndGlobalSection
EndGlobal
